
Microsoft Visual Studio Solution File, Format Version 12.00
# Visual Studio Version 17
VisualStudioVersion = 17.14.36717.8 d17.14
MinimumVisualStudioVersion = 10.0.40219.1
Project("{FAE04EC0-301F-11D3-BF4B-00C04F79EFBC}") = "Million.RealEstate.Backend.Api", "Million.RealEstate.Backend.Api\Million.RealEstate.Backend.Api.csproj", "{8708E493-42B4-4B71-B6B5-D5B1C07D42E5}"
EndProject
Project("{FAE04EC0-301F-11D3-BF4B-00C04F79EFBC}") = "Million.RealEstate.Backend.Application", "Million.RealEstate.Backend.Application\Million.RealEstate.Backend.Application.csproj", "{F5B0D5CB-2BF2-4203-9C47-45E6A443764F}"
EndProject
Project("{FAE04EC0-301F-11D3-BF4B-00C04F79EFBC}") = "Million.RealEstate.Backend.Domain", "Million.RealEstate.Backend.Domain\Million.RealEstate.Backend.Domain.csproj", "{DD1C6330-33D9-4C76-B1A0-E04B1DE049D8}"
EndProject
Project("{FAE04EC0-301F-11D3-BF4B-00C04F79EFBC}") = "Million.RealEstate.Backend.Infrastructure", "Million.RealEstate.Backend.Infrastructure\Million.RealEstate.Backend.Infrastructure.csproj", "{B7DF58A3-CD05-4D97-8243-87DCFC84F0A9}"
EndProject
Project("{2150E333-8FDC-42A3-9474-1A3956D46DE8}") = "Tests", "Tests", "{02EA681E-C7D8-13C7-8484-4AC65E1B71E8}"
EndProject
Project("{FAE04EC0-301F-11D3-BF4B-00C04F79EFBC}") = "Million.RealEstate.Backend.Tests", "Million.RealEstate.Backend.Tests\Million.RealEstate.Backend.Tests.csproj", "{F36F35D5-E113-4E4C-AEC6-7779BA8470FA}"
EndProject
Global
	GlobalSection(SolutionConfigurationPlatforms) = preSolution
		Debug|Any CPU = Debug|Any CPU
		Release|Any CPU = Release|Any CPU
	EndGlobalSection
	GlobalSection(ProjectConfigurationPlatforms) = postSolution
		{8708E493-42B4-4B71-B6B5-D5B1C07D42E5}.Debug|Any CPU.ActiveCfg = Debug|Any CPU
		{8708E493-42B4-4B71-B6B5-D5B1C07D42E5}.Debug|Any CPU.Build.0 = Debug|Any CPU
		{8708E493-42B4-4B71-B6B5-D5B1C07D42E5}.Release|Any CPU.ActiveCfg = Release|Any CPU
		{8708E493-42B4-4B71-B6B5-D5B1C07D42E5}.Release|Any CPU.Build.0 = Release|Any CPU
		{F5B0D5CB-2BF2-4203-9C47-45E6A443764F}.Debug|Any CPU.ActiveCfg = Debug|Any CPU
		{F5B0D5CB-2BF2-4203-9C47-45E6A443764F}.Debug|Any CPU.Build.0 = Debug|Any CPU
		{F5B0D5CB-2BF2-4203-9C47-45E6A443764F}.Release|Any CPU.ActiveCfg = Release|Any CPU
		{F5B0D5CB-2BF2-4203-9C47-45E6A443764F}.Release|Any CPU.Build.0 = Release|Any CPU
		{DD1C6330-33D9-4C76-B1A0-E04B1DE049D8}.Debug|Any CPU.ActiveCfg = Debug|Any CPU
		{DD1C6330-33D9-4C76-B1A0-E04B1DE049D8}.Debug|Any CPU.Build.0 = Debug|Any CPU
		{DD1C6330-33D9-4C76-B1A0-E04B1DE049D8}.Release|Any CPU.ActiveCfg = Release|Any CPU
		{DD1C6330-33D9-4C76-B1A0-E04B1DE049D8}.Release|Any CPU.Build.0 = Release|Any CPU
		{B7DF58A3-CD05-4D97-8243-87DCFC84F0A9}.Debug|Any CPU.ActiveCfg = Debug|Any CPU
		{B7DF58A3-CD05-4D97-8243-87DCFC84F0A9}.Debug|Any CPU.Build.0 = Debug|Any CPU
		{B7DF58A3-CD05-4D97-8243-87DCFC84F0A9}.Release|Any CPU.ActiveCfg = Release|Any CPU
		{B7DF58A3-CD05-4D97-8243-87DCFC84F0A9}.Release|Any CPU.Build.0 = Release|Any CPU
		{F36F35D5-E113-4E4C-AEC6-7779BA8470FA}.Debug|Any CPU.ActiveCfg = Debug|Any CPU
		{F36F35D5-E113-4E4C-AEC6-7779BA8470FA}.Debug|Any CPU.Build.0 = Debug|Any CPU
		{F36F35D5-E113-4E4C-AEC6-7779BA8470FA}.Release|Any CPU.ActiveCfg = Release|Any CPU
		{F36F35D5-E113-4E4C-AEC6-7779BA8470FA}.Release|Any CPU.Build.0 = Release|Any CPU
	EndGlobalSection
	GlobalSection(SolutionProperties) = preSolution
		HideSolutionNode = FALSE
	EndGlobalSection
	GlobalSection(NestedProjects) = preSolution
		{F36F35D5-E113-4E4C-AEC6-7779BA8470FA} = {02EA681E-C7D8-13C7-8484-4AC65E1B71E8}
	EndGlobalSection
	GlobalSection(ExtensibilityGlobals) = postSolution
		SolutionGuid = {0C96B87C-FDD3-4D5D-9468-F964841F4BDA}
	EndGlobalSection
EndGlobal
